
Microsoft Visual Studio Solution File, Format Version 12.00
# Visual Studio Version 16
VisualStudioVersion = 16.0.30114.105
MinimumVisualStudioVersion = 10.0.40219.1
Project("{FAE04EC0-301F-11D3-BF4B-00C04F79EFBC}") = "Eport", "Eport\Eport.csproj", "{8465644B-E933-400F-AD7A-9D5D784F57D9}"
EndProject
Project("{FAE04EC0-301F-11D3-BF4B-00C04F79EFBC}") = "Eport.Tests", "Eport.Tests\Eport.Tests.csproj", "{122C6966-3AD7-43B4-84A2-12A626CBF0B1}"
EndProject
Global
	GlobalSection(SolutionConfigurationPlatforms) = preSolution
		Debug|Any CPU = Debug|Any CPU
		Release|Any CPU = Release|Any CPU
	EndGlobalSection
	GlobalSection(ProjectConfigurationPlatforms) = postSolution
		{8465644B-E933-400F-AD7A-9D5D784F57D9}.Debug|Any CPU.ActiveCfg = Debug|Any CPU
		{8465644B-E933-400F-AD7A-9D5D784F57D9}.Debug|Any CPU.Build.0 = Debug|Any CPU
		{8465644B-E933-400F-AD7A-9D5D784F57D9}.Release|Any CPU.ActiveCfg = Release|Any CPU
		{8465644B-E933-400F-AD7A-9D5D784F57D9}.Release|Any CPU.Build.0 = Release|Any CPU
		{122C6966-3AD7-43B4-84A2-12A626CBF0B1}.Debug|Any CPU.ActiveCfg = Debug|Any CPU
		{122C6966-3AD7-43B4-84A2-12A626CBF0B1}.Debug|Any CPU.Build.0 = Debug|Any CPU
		{122C6966-3AD7-43B4-84A2-12A626CBF0B1}.Release|Any CPU.ActiveCfg = Release|Any CPU
		{122C6966-3AD7-43B4-84A2-12A626CBF0B1}.Release|Any CPU.Build.0 = Release|Any CPU
	EndGlobalSection
	GlobalSection(SolutionProperties) = preSolution
		HideSolutionNode = FALSE
	EndGlobalSection
	GlobalSection(ExtensibilityGlobals) = postSolution
		SolutionGuid = {0E5338B5-8AD0-44F9-A49E-5BC743B586EC}
	EndGlobalSection
EndGlobal
